<?xml version="1.0" encoding="utf-8"?>
<Project ToolsVersion="4.0" xmlns="http://schemas.microsoft.com/developer/msbuild/2003">
  <ItemGroup>
    <Filter Include="Исходные файлы">
      <UniqueIdentifier>{4FC737F1-C7A5-4376-A066-2A32D752A2FF}</UniqueIdentifier>
      <Extensions>cpp;c;cc;cxx;c++;cppm;ixx;def;odl;idl;hpj;bat;asm;asmx</Extensions>
    </Filter>
    <Filter Include="Файлы заголовков">
      <UniqueIdentifier>{93995380-89BD-4b04-88EB-625FBE52EBFB}</UniqueIdentifier>
      <Extensions>h;hh;hpp;hxx;h++;hm;inl;inc;ipp;xsd</Extensions>
    </Filter>
    <Filter Include="Файлы ресурсов">
      <UniqueIdentifier>{67DA6AB6-F800-4c08-8B7A-83BB121AAD01}</UniqueIdentifier>
      <Extensions>rc;ico;cur;bmp;dlg;rc2;rct;bin;rgs;gif;jpg;jpeg;jpe;resx;tiff;tif;png;wav;mfcribbon-ms</Extensions>
    </Filter>
    <Filter Include="Исходные файлы\Engine">
      <UniqueIdentifier>{75cfa4ed-15e7-492e-ae1e-96f45f8748ce}</UniqueIdentifier>
    </Filter>
    <Filter Include="Файлы заголовков\Engine">
      <UniqueIdentifier>{3b072052-61d8-4450-b4d0-3d0d0c653521}</UniqueIdentifier>
    </Filter>
    <Filter Include="Файлы заголовков\Screen">
      <UniqueIdentifier>{ddd3a613-7a31-4b73-ac34-ecae48fb367e}</UniqueIdentifier>
    </Filter>
    <Filter Include="Исходные файлы\Screen">
      <UniqueIdentifier>{795a3fe4-8e8f-4a1e-81d0-6ba28c8edd12}</UniqueIdentifier>
    </Filter>
    <Filter Include="Файлы заголовков\Map">
      <UniqueIdentifier>{5967f016-3f81-4b29-8791-455f71ede715}</UniqueIdentifier>
    </Filter>
    <Filter Include="Исходные файлы\Map">
      <UniqueIdentifier>{399e3716-c661-43c3-bd56-88831e0ce30e}</UniqueIdentifier>
    </Filter>
    <Filter Include="Файлы заголовков\ImGui">
      <UniqueIdentifier>{74cd2162-04a3-455b-8586-6addab6b090d}</UniqueIdentifier>
    </Filter>
    <Filter Include="Исходные файлы\ImGui">
      <UniqueIdentifier>{18c735ff-fe34-45e6-a906-0c2e3a4b8423}</UniqueIdentifier>
    </Filter>
    <Filter Include="Файлы заголовков\GameMechanics">
      <UniqueIdentifier>{e054cba1-6139-483a-a719-74a07faf73ee}</UniqueIdentifier>
    </Filter>
    <Filter Include="Исходные файлы\GameMechanics">
      <UniqueIdentifier>{173db49b-8039-408d-8f4e-a89c203de05d}</UniqueIdentifier>
    </Filter>
    <Filter Include="Файлы ресурсов\Map">
      <UniqueIdentifier>{b516f108-2bb2-43b4-9eab-422b5d433061}</UniqueIdentifier>
    </Filter>
    <Filter Include="Файлы заголовков\GUI">
      <UniqueIdentifier>{9d3b66af-1d75-4f4d-973d-9d98d5d0d32f}</UniqueIdentifier>
    </Filter>
    <Filter Include="Исходные файлы\GUI">
      <UniqueIdentifier>{ebb0e849-7de0-4918-a791-bf976a69a748}</UniqueIdentifier>
    </Filter>
  </ItemGroup>
  <ItemGroup>
    <ClCompile Include="main.cpp">
      <Filter>Исходные файлы\Engine</Filter>
    </ClCompile>
    <ClCompile Include="about_screen.cpp">
      <Filter>Исходные файлы\Screen</Filter>
    </ClCompile>
    <ClCompile Include="game_engine.cpp">
      <Filter>Исходные файлы\Engine</Filter>
    </ClCompile>
    <ClCompile Include="main_menu_screen.cpp">
      <Filter>Исходные файлы\Screen</Filter>
    </ClCompile>
    <ClCompile Include="adventure_screen.cpp">
      <Filter>Исходные файлы\Screen</Filter>
    </ClCompile>
    <ClCompile Include="location.cpp">
      <Filter>Исходные файлы\Map</Filter>
    </ClCompile>
    <ClCompile Include="ImGui\imgui.cpp">
      <Filter>Исходные файлы\ImGui</Filter>
    </ClCompile>
    <ClCompile Include="ImGui\imgui_demo.cpp">
      <Filter>Исходные файлы\ImGui</Filter>
    </ClCompile>
    <ClCompile Include="ImGui\imgui_draw.cpp">
      <Filter>Исходные файлы\ImGui</Filter>
    </ClCompile>
    <ClCompile Include="ImGui\imgui_tables.cpp">
      <Filter>Исходные файлы\ImGui</Filter>
    </ClCompile>
    <ClCompile Include="ImGui\imgui_widgets.cpp">
      <Filter>Исходные файлы\ImGui</Filter>
    </ClCompile>
    <ClCompile Include="ImGui\imgui-SFML.cpp">
      <Filter>Исходные файлы\ImGui</Filter>
    </ClCompile>
    <ClCompile Include="location_manager.cpp">
      <Filter>Исходные файлы\Map</Filter>
    </ClCompile>
    <ClCompile Include="location_screen.cpp">
      <Filter>Исходные файлы\Screen</Filter>
    </ClCompile>
    <ClCompile Include="world_state_manager.cpp">
      <Filter>Исходные файлы\GameMechanics</Filter>
    </ClCompile>
    <ClCompile Include="game_world.cpp">
      <Filter>Исходные файлы\GameMechanics</Filter>
    </ClCompile>
    <ClCompile Include="date_widget.cpp">
      <Filter>Исходные файлы\GUI</Filter>
    </ClCompile>
    <ClCompile Include="clue.cpp">
      <Filter>Исходные файлы\GameMechanics</Filter>
    </ClCompile>
    <ClCompile Include="clue_manager.cpp">
      <Filter>Исходные файлы</Filter>
    </ClCompile>
  </ItemGroup>
  <ItemGroup>
    <ClInclude Include="game_engine.h">
      <Filter>Файлы заголовков\Engine</Filter>
    </ClInclude>
    <ClInclude Include="about_screen.h">
      <Filter>Файлы заголовков\Screen</Filter>
    </ClInclude>
    <ClInclude Include="game_data.h">
      <Filter>Файлы заголовков\Engine</Filter>
    </ClInclude>
    <ClInclude Include="main_menu_screen.h">
      <Filter>Файлы заголовков\Screen</Filter>
    </ClInclude>
    <ClInclude Include="adventure_screen.h">
      <Filter>Файлы заголовков\Screen</Filter>
    </ClInclude>
    <ClInclude Include="location.h">
      <Filter>Файлы заголовков\Map</Filter>
    </ClInclude>
    <ClInclude Include="ImGui\imconfig.h">
      <Filter>Файлы заголовков\ImGui</Filter>
    </ClInclude>
    <ClInclude Include="ImGui\imgui.h">
      <Filter>Файлы заголовков\ImGui</Filter>
    </ClInclude>
    <ClInclude Include="ImGui\imgui_internal.h">
      <Filter>Файлы заголовков\ImGui</Filter>
    </ClInclude>
    <ClInclude Include="ImGui\imgui-SFML.h">
      <Filter>Файлы заголовков\ImGui</Filter>
    </ClInclude>
    <ClInclude Include="ImGui\imgui-SFML_export.h">
      <Filter>Файлы заголовков\ImGui</Filter>
    </ClInclude>
    <ClInclude Include="ImGui\imstb_rectpack.h">
      <Filter>Файлы заголовков\ImGui</Filter>
    </ClInclude>
    <ClInclude Include="ImGui\imstb_textedit.h">
      <Filter>Файлы заголовков\ImGui</Filter>
    </ClInclude>
    <ClInclude Include="ImGui\imstb_truetype.h">
      <Filter>Файлы заголовков\ImGui</Filter>
    </ClInclude>
    <ClInclude Include="location_manager.h">
      <Filter>Файлы заголовков\Map</Filter>
    </ClInclude>
    <ClInclude Include="location_screen.h">
      <Filter>Файлы заголовков\Screen</Filter>
    </ClInclude>
    <ClInclude Include="world_state_manager.h">
      <Filter>Файлы заголовков\GameMechanics</Filter>
    </ClInclude>
    <ClInclude Include="world_types.h">
      <Filter>Файлы заголовков\GameMechanics</Filter>
    </ClInclude>
    <ClInclude Include="game_world.h">
      <Filter>Файлы заголовков\GameMechanics</Filter>
    </ClInclude>
    <ClInclude Include="date_widget.h">
      <Filter>Файлы заголовков\GUI</Filter>
    </ClInclude>
    <ClInclude Include="clue.h">
      <Filter>Файлы заголовков\GameMechanics</Filter>
    </ClInclude>
    <ClInclude Include="clue_manager.h">
      <Filter>Файлы заголовков</Filter>
    </ClInclude>
  </ItemGroup>
  <ItemGroup>
    <None Include="config\engine_config.ini">
      <Filter>Файлы ресурсов</Filter>
    </None>
    <None Include="data\text_style.ini">
      <Filter>Файлы ресурсов</Filter>
    </None>
    <None Include="data\strings.ini">
      <Filter>Файлы ресурсов</Filter>
    </None>
    <None Include="data\texture_list.ini">
      <Filter>Файлы ресурсов</Filter>
    </None>
    <None Include="data\font_list.ini">
      <Filter>Файлы ресурсов</Filter>
    </None>
    <None Include="data\tile_map.ini">
      <Filter>Файлы ресурсов</Filter>
    </None>
    <None Include="maps\map_0.ini">
      <Filter>Файлы ресурсов\Map</Filter>
    </None>
    <None Include="maps\distances_0.ini">
      <Filter>Файлы ресурсов\Map</Filter>
    </None>
  </ItemGroup>
</Project>